
Microsoft Visual Studio Solution File, Format Version 12.00
# Visual Studio 2013
VisualStudioVersion = 12.0.21005.1
MinimumVisualStudioVersion = 10.0.40219.1
Project("{FAE04EC0-301F-11D3-BF4B-00C04F79EFBC}") = "Browser-Engine", "Browser-Engine\Browser-Engine.csproj", "{97C6712F-BB90-4761-9412-65CE7671A288}"
EndProject
Global
	GlobalSection(SolutionConfigurationPlatforms) = preSolution
		Debug|Any CPU = Debug|Any CPU
		Release|Any CPU = Release|Any CPU
	EndGlobalSection
	GlobalSection(ProjectConfigurationPlatforms) = postSolution
		{97C6712F-BB90-4761-9412-65CE7671A288}.Debug|Any CPU.ActiveCfg = Debug|Any CPU
		{97C6712F-BB90-4761-9412-65CE7671A288}.Debug|Any CPU.Build.0 = Debug|Any CPU
		{97C6712F-BB90-4761-9412-65CE7671A288}.Release|Any CPU.ActiveCfg = Release|Any CPU
		{97C6712F-BB90-4761-9412-65CE7671A288}.Release|Any CPU.Build.0 = Release|Any CPU
	EndGlobalSection
	GlobalSection(SolutionProperties) = preSolution
		HideSolutionNode = FALSE
	EndGlobalSection
EndGlobal
