
Microsoft Visual Studio Solution File, Format Version 12.00
# Visual Studio Version 17
VisualStudioVersion = 17.6.33815.320
MinimumVisualStudioVersion = 10.0.40219.1
Project("{FAE04EC0-301F-11D3-BF4B-00C04F79EFBC}") = "PDF", "PDF\PDF.csproj", "{034E5951-B4BF-425D-AC07-D469F97869B3}"
EndProject
Global
	GlobalSection(SolutionConfigurationPlatforms) = preSolution
		Debug|Any CPU = Debug|Any CPU
		Release|Any CPU = Release|Any CPU
	EndGlobalSection
	GlobalSection(ProjectConfigurationPlatforms) = postSolution
		{034E5951-B4BF-425D-AC07-D469F97869B3}.Debug|Any CPU.ActiveCfg = Debug|Any CPU
		{034E5951-B4BF-425D-AC07-D469F97869B3}.Debug|Any CPU.Build.0 = Debug|Any CPU
		{034E5951-B4BF-425D-AC07-D469F97869B3}.Release|Any CPU.ActiveCfg = Release|Any CPU
		{034E5951-B4BF-425D-AC07-D469F97869B3}.Release|Any CPU.Build.0 = Release|Any CPU
	EndGlobalSection
	GlobalSection(SolutionProperties) = preSolution
		HideSolutionNode = FALSE
	EndGlobalSection
	GlobalSection(ExtensibilityGlobals) = postSolution
		SolutionGuid = {3BE396E5-055C-4B35-8FC9-4B119F72F478}
	EndGlobalSection
EndGlobal
